
Microsoft Visual Studio Solution File, Format Version 12.00
# Visual Studio 15
VisualStudioVersion = 15.0.26124.0
MinimumVisualStudioVersion = 15.0.26124.0
Project("{FAE04EC0-301F-11D3-BF4B-00C04F79EFBC}") = "MonitoringService", "MonitoringService\MonitoringService.csproj", "{34E7674E-BA2A-4444-80F6-DC4ECC52C15F}"
EndProject
Project("{FAE04EC0-301F-11D3-BF4B-00C04F79EFBC}") = "dnHomeDashboard", "dnHomeDashboard\dnHomeDashboard.csproj", "{0B018A9B-DF8B-44D4-B7A4-43F3DAAA0DD7}"
EndProject
Project("{FAE04EC0-301F-11D3-BF4B-00C04F79EFBC}") = "dnWebAPI", "dnWebAPI\dnWebAPI.csproj", "{0794FAAF-3377-4259-AF5E-6F71206376E5}"
EndProject
Project("{FAE04EC0-301F-11D3-BF4B-00C04F79EFBC}") = "DataModels", "DataModels\DataModels.csproj", "{302854B4-982D-4FC2-A7D8-6315D936701B}"
EndProject
Global
	GlobalSection(SolutionConfigurationPlatforms) = preSolution
		Debug|Any CPU = Debug|Any CPU
		Debug|x64 = Debug|x64
		Debug|x86 = Debug|x86
		Release|Any CPU = Release|Any CPU
		Release|x64 = Release|x64
		Release|x86 = Release|x86
	EndGlobalSection
	GlobalSection(ProjectConfigurationPlatforms) = postSolution
		{34E7674E-BA2A-4444-80F6-DC4ECC52C15F}.Debug|Any CPU.ActiveCfg = Debug|Any CPU
		{34E7674E-BA2A-4444-80F6-DC4ECC52C15F}.Debug|Any CPU.Build.0 = Debug|Any CPU
		{34E7674E-BA2A-4444-80F6-DC4ECC52C15F}.Debug|x64.ActiveCfg = Debug|Any CPU
		{34E7674E-BA2A-4444-80F6-DC4ECC52C15F}.Debug|x64.Build.0 = Debug|Any CPU
		{34E7674E-BA2A-4444-80F6-DC4ECC52C15F}.Debug|x86.ActiveCfg = Debug|Any CPU
		{34E7674E-BA2A-4444-80F6-DC4ECC52C15F}.Debug|x86.Build.0 = Debug|Any CPU
		{34E7674E-BA2A-4444-80F6-DC4ECC52C15F}.Release|Any CPU.ActiveCfg = Release|Any CPU
		{34E7674E-BA2A-4444-80F6-DC4ECC52C15F}.Release|Any CPU.Build.0 = Release|Any CPU
		{34E7674E-BA2A-4444-80F6-DC4ECC52C15F}.Release|x64.ActiveCfg = Release|Any CPU
		{34E7674E-BA2A-4444-80F6-DC4ECC52C15F}.Release|x64.Build.0 = Release|Any CPU
		{34E7674E-BA2A-4444-80F6-DC4ECC52C15F}.Release|x86.ActiveCfg = Release|Any CPU
		{34E7674E-BA2A-4444-80F6-DC4ECC52C15F}.Release|x86.Build.0 = Release|Any CPU
		{0B018A9B-DF8B-44D4-B7A4-43F3DAAA0DD7}.Debug|Any CPU.ActiveCfg = Debug|Any CPU
		{0B018A9B-DF8B-44D4-B7A4-43F3DAAA0DD7}.Debug|Any CPU.Build.0 = Debug|Any CPU
		{0B018A9B-DF8B-44D4-B7A4-43F3DAAA0DD7}.Debug|x64.ActiveCfg = Debug|Any CPU
		{0B018A9B-DF8B-44D4-B7A4-43F3DAAA0DD7}.Debug|x64.Build.0 = Debug|Any CPU
		{0B018A9B-DF8B-44D4-B7A4-43F3DAAA0DD7}.Debug|x86.ActiveCfg = Debug|Any CPU
		{0B018A9B-DF8B-44D4-B7A4-43F3DAAA0DD7}.Debug|x86.Build.0 = Debug|Any CPU
		{0B018A9B-DF8B-44D4-B7A4-43F3DAAA0DD7}.Release|Any CPU.ActiveCfg = Release|Any CPU
		{0B018A9B-DF8B-44D4-B7A4-43F3DAAA0DD7}.Release|Any CPU.Build.0 = Release|Any CPU
		{0B018A9B-DF8B-44D4-B7A4-43F3DAAA0DD7}.Release|x64.ActiveCfg = Release|Any CPU
		{0B018A9B-DF8B-44D4-B7A4-43F3DAAA0DD7}.Release|x64.Build.0 = Release|Any CPU
		{0B018A9B-DF8B-44D4-B7A4-43F3DAAA0DD7}.Release|x86.ActiveCfg = Release|Any CPU
		{0B018A9B-DF8B-44D4-B7A4-43F3DAAA0DD7}.Release|x86.Build.0 = Release|Any CPU
		{0794FAAF-3377-4259-AF5E-6F71206376E5}.Debug|Any CPU.ActiveCfg = Debug|Any CPU
		{0794FAAF-3377-4259-AF5E-6F71206376E5}.Debug|Any CPU.Build.0 = Debug|Any CPU
		{0794FAAF-3377-4259-AF5E-6F71206376E5}.Debug|x64.ActiveCfg = Debug|Any CPU
		{0794FAAF-3377-4259-AF5E-6F71206376E5}.Debug|x64.Build.0 = Debug|Any CPU
		{0794FAAF-3377-4259-AF5E-6F71206376E5}.Debug|x86.ActiveCfg = Debug|Any CPU
		{0794FAAF-3377-4259-AF5E-6F71206376E5}.Debug|x86.Build.0 = Debug|Any CPU
		{0794FAAF-3377-4259-AF5E-6F71206376E5}.Release|Any CPU.ActiveCfg = Release|Any CPU
		{0794FAAF-3377-4259-AF5E-6F71206376E5}.Release|Any CPU.Build.0 = Release|Any CPU
		{0794FAAF-3377-4259-AF5E-6F71206376E5}.Release|x64.ActiveCfg = Release|Any CPU
		{0794FAAF-3377-4259-AF5E-6F71206376E5}.Release|x64.Build.0 = Release|Any CPU
		{0794FAAF-3377-4259-AF5E-6F71206376E5}.Release|x86.ActiveCfg = Release|Any CPU
		{0794FAAF-3377-4259-AF5E-6F71206376E5}.Release|x86.Build.0 = Release|Any CPU
		{302854B4-982D-4FC2-A7D8-6315D936701B}.Debug|Any CPU.ActiveCfg = Debug|Any CPU
		{302854B4-982D-4FC2-A7D8-6315D936701B}.Debug|Any CPU.Build.0 = Debug|Any CPU
		{302854B4-982D-4FC2-A7D8-6315D936701B}.Debug|x64.ActiveCfg = Debug|Any CPU
		{302854B4-982D-4FC2-A7D8-6315D936701B}.Debug|x64.Build.0 = Debug|Any CPU
		{302854B4-982D-4FC2-A7D8-6315D936701B}.Debug|x86.ActiveCfg = Debug|Any CPU
		{302854B4-982D-4FC2-A7D8-6315D936701B}.Debug|x86.Build.0 = Debug|Any CPU
		{302854B4-982D-4FC2-A7D8-6315D936701B}.Release|Any CPU.ActiveCfg = Release|Any CPU
		{302854B4-982D-4FC2-A7D8-6315D936701B}.Release|Any CPU.Build.0 = Release|Any CPU
		{302854B4-982D-4FC2-A7D8-6315D936701B}.Release|x64.ActiveCfg = Release|Any CPU
		{302854B4-982D-4FC2-A7D8-6315D936701B}.Release|x64.Build.0 = Release|Any CPU
		{302854B4-982D-4FC2-A7D8-6315D936701B}.Release|x86.ActiveCfg = Release|Any CPU
		{302854B4-982D-4FC2-A7D8-6315D936701B}.Release|x86.Build.0 = Release|Any CPU
	EndGlobalSection
	GlobalSection(SolutionProperties) = preSolution
		HideSolutionNode = FALSE
	EndGlobalSection
	GlobalSection(ExtensibilityGlobals) = postSolution
		SolutionGuid = {E7D2B202-2DFB-4661-9808-6012EF40D470}
	EndGlobalSection
EndGlobal
